
Microsoft Visual Studio Solution File, Format Version 12.00
# Visual Studio 15
Project("{FAE04EC0-301F-11D3-BF4B-00C04F79EFBC}") = "Assembly-CSharp", "Assembly-CSharp.csproj", "{7BB70571-74D1-B8A9-A4E3-CC4A9997D5C2}"
EndProject
Project("{FAE04EC0-301F-11D3-BF4B-00C04F79EFBC}") = "UIEffect", "UIEffect.csproj", "{FD7C633F-CA54-A94C-C7F8-A975E5B8B779}"
EndProject
Project("{FAE04EC0-301F-11D3-BF4B-00C04F79EFBC}") = "UIEffect_Demo", "UIEffect_Demo.csproj", "{FA766501-0FAA-D463-448F-EC605FFD70CF}"
EndProject
Project("{FAE04EC0-301F-11D3-BF4B-00C04F79EFBC}") = "Assembly-CSharp-Editor", "Assembly-CSharp-Editor.csproj", "{80B562C7-45BB-4B08-D43D-E439E2C14208}"
EndProject
Project("{FAE04EC0-301F-11D3-BF4B-00C04F79EFBC}") = "UIEffect-Editor", "UIEffect-Editor.csproj", "{68984B78-52F1-E6E6-E7AE-B191F8710575}"
EndProject
Global
	GlobalSection(SolutionConfigurationPlatforms) = preSolution
		Debug|Any CPU = Debug|Any CPU
		Release|Any CPU = Release|Any CPU
	EndGlobalSection
	GlobalSection(ProjectConfigurationPlatforms) = postSolution
		{7BB70571-74D1-B8A9-A4E3-CC4A9997D5C2}.Debug|Any CPU.ActiveCfg = Debug|Any CPU
		{7BB70571-74D1-B8A9-A4E3-CC4A9997D5C2}.Debug|Any CPU.Build.0 = Debug|Any CPU
		{7BB70571-74D1-B8A9-A4E3-CC4A9997D5C2}.Release|Any CPU.ActiveCfg = Release|Any CPU
		{7BB70571-74D1-B8A9-A4E3-CC4A9997D5C2}.Release|Any CPU.Build.0 = Release|Any CPU
		{FD7C633F-CA54-A94C-C7F8-A975E5B8B779}.Debug|Any CPU.ActiveCfg = Debug|Any CPU
		{FD7C633F-CA54-A94C-C7F8-A975E5B8B779}.Debug|Any CPU.Build.0 = Debug|Any CPU
		{FD7C633F-CA54-A94C-C7F8-A975E5B8B779}.Release|Any CPU.ActiveCfg = Release|Any CPU
		{FD7C633F-CA54-A94C-C7F8-A975E5B8B779}.Release|Any CPU.Build.0 = Release|Any CPU
		{FA766501-0FAA-D463-448F-EC605FFD70CF}.Debug|Any CPU.ActiveCfg = Debug|Any CPU
		{FA766501-0FAA-D463-448F-EC605FFD70CF}.Debug|Any CPU.Build.0 = Debug|Any CPU
		{FA766501-0FAA-D463-448F-EC605FFD70CF}.Release|Any CPU.ActiveCfg = Release|Any CPU
		{FA766501-0FAA-D463-448F-EC605FFD70CF}.Release|Any CPU.Build.0 = Release|Any CPU
		{80B562C7-45BB-4B08-D43D-E439E2C14208}.Debug|Any CPU.ActiveCfg = Debug|Any CPU
		{80B562C7-45BB-4B08-D43D-E439E2C14208}.Debug|Any CPU.Build.0 = Debug|Any CPU
		{80B562C7-45BB-4B08-D43D-E439E2C14208}.Release|Any CPU.ActiveCfg = Release|Any CPU
		{80B562C7-45BB-4B08-D43D-E439E2C14208}.Release|Any CPU.Build.0 = Release|Any CPU
		{68984B78-52F1-E6E6-E7AE-B191F8710575}.Debug|Any CPU.ActiveCfg = Debug|Any CPU
		{68984B78-52F1-E6E6-E7AE-B191F8710575}.Debug|Any CPU.Build.0 = Debug|Any CPU
		{68984B78-52F1-E6E6-E7AE-B191F8710575}.Release|Any CPU.ActiveCfg = Release|Any CPU
		{68984B78-52F1-E6E6-E7AE-B191F8710575}.Release|Any CPU.Build.0 = Release|Any CPU
	EndGlobalSection
	GlobalSection(SolutionProperties) = preSolution
		HideSolutionNode = FALSE
	EndGlobalSection
	GlobalSection(MonoDevelopProperties) = preSolution
		StartupItem = Assembly-CSharp.csproj
	EndGlobalSection
EndGlobal
